
Microsoft Visual Studio Solution File, Format Version 12.00
# Visual Studio Version 16
VisualStudioVersion = 16.0.29324.140
MinimumVisualStudioVersion = 10.0.40219.1
Project("{FAE04EC0-301F-11D3-BF4B-00C04F79EFBC}") = "FacadeExample", "FacadeExample\FacadeExample.csproj", "{A1B8387F-910A-4FFC-A6F3-C8839ADBB080}"
EndProject
Global
	GlobalSection(SolutionConfigurationPlatforms) = preSolution
		Debug|Any CPU = Debug|Any CPU
		Release|Any CPU = Release|Any CPU
	EndGlobalSection
	GlobalSection(ProjectConfigurationPlatforms) = postSolution
		{A1B8387F-910A-4FFC-A6F3-C8839ADBB080}.Debug|Any CPU.ActiveCfg = Debug|Any CPU
		{A1B8387F-910A-4FFC-A6F3-C8839ADBB080}.Debug|Any CPU.Build.0 = Debug|Any CPU
		{A1B8387F-910A-4FFC-A6F3-C8839ADBB080}.Release|Any CPU.ActiveCfg = Release|Any CPU
		{A1B8387F-910A-4FFC-A6F3-C8839ADBB080}.Release|Any CPU.Build.0 = Release|Any CPU
	EndGlobalSection
	GlobalSection(SolutionProperties) = preSolution
		HideSolutionNode = FALSE
	EndGlobalSection
	GlobalSection(ExtensibilityGlobals) = postSolution
		SolutionGuid = {AB79DBEA-1C97-4D98-BE10-B308647A6047}
	EndGlobalSection
EndGlobal
